{
  "modelVersion": "1.0",
  "irVersion": "1.0",
  "timestamp": "2025-08-24T14:45:14.094192+00:00",
  "importMap": {
    "imports": {
      "@coolslides/component-sdk": "/packages/component-sdk/dist/index.js",
      "@coolslides/components": "/packages/components/dist/index.js",
      "@coolslides/plugins-stdlib": "/packages/plugins-stdlib/dist/index.js",
      "@coolslides/runtime": "/packages/runtime/dist/index.js"
    }
  },
  "resolved": {
    "components": {},
    "plugins": {}
  }
}